
Microsoft Visual Studio Solution File, Format Version 12.00
# Visual Studio Version 17
VisualStudioVersion = 17.3.32901.215
MinimumVisualStudioVersion = 10.0.40219.1
Project("{FAE04EC0-301F-11D3-BF4B-00C04F79EFBC}") = "Act.4 - U.4", "Act.4 - U.4\Act.4 - U.4.csproj", "{565BD610-4B5D-4BFC-9AEE-580728172A4E}"
EndProject
Global
	GlobalSection(SolutionConfigurationPlatforms) = preSolution
		Debug|Any CPU = Debug|Any CPU
		Release|Any CPU = Release|Any CPU
	EndGlobalSection
	GlobalSection(ProjectConfigurationPlatforms) = postSolution
		{565BD610-4B5D-4BFC-9AEE-580728172A4E}.Debug|Any CPU.ActiveCfg = Debug|Any CPU
		{565BD610-4B5D-4BFC-9AEE-580728172A4E}.Debug|Any CPU.Build.0 = Debug|Any CPU
		{565BD610-4B5D-4BFC-9AEE-580728172A4E}.Release|Any CPU.ActiveCfg = Release|Any CPU
		{565BD610-4B5D-4BFC-9AEE-580728172A4E}.Release|Any CPU.Build.0 = Release|Any CPU
	EndGlobalSection
	GlobalSection(SolutionProperties) = preSolution
		HideSolutionNode = FALSE
	EndGlobalSection
	GlobalSection(ExtensibilityGlobals) = postSolution
		SolutionGuid = {3B13908B-9978-4F76-90DD-0181476B0412}
	EndGlobalSection
EndGlobal
